{
  "name": "geekplanet",
  "version": "0.0.1",
  "lockfileVersion": 1,
  "requires": true,
  "dependencies": {
    "@quasar/app": {
      "version": "1.0.4",
      "resolved": "https://registry.npmjs.org/@quasar/app/-/app-1.0.4.tgz",
      "integrity": "sha512-eNR9CYoii8GqS9Edb5TkqiOejuXHfE7oXkoBM+UDLgOAEgwpoWP9eshWvsxoMNLTRKrUK2PEV8i4lviXTlnErw==",
      "dev": true,
      "dependencies": {
        "ms": {
          "version": "2.1.2",
          "resolved": "https://registry.npmjs.org/ms/-/ms-2.1.2.tgz",
          "integrity": "sha512-sGkPx+VjMtmA6MX27oA4FBFELFCZZ4S4XqeGOXCv68tT+jb3vk/RyaKWP0PTKyWtmLSM0b+adUTEvbs1PEaH2w=="
        }
      }
    },
    "@quasar/extras": {
      "version": "1.2.0",
      "resolved": "https://registry.npmjs.org/@quasar/extras/-/extras-1.2.0.tgz",
      "integrity": "sha512-DUo4KRayuwnMwzRK4vYjd6q6e6sGOkt5moD2Lz/q5PiPqvEjoNeQd9vcNPTqpSjWk7AUDVW4meDR2ThHyQMzAQ=="
    },
    "@vue/eslint-config-standard": {
      "version": "4.0.0",
      "resolved": "https://registry.npmjs.org/@vue/eslint-config-standard/-/eslint-config-standard-4.0.0.tgz",
      "integrity": "sha512-bQghq1cw1BuMRHNhr3tRpAJx1tpGy0QtajQX873kLtA9YVuOIoXR7nAWnTN09bBHnSUh2N288vMsqPi2fI4Hzg==",
      "dev": true
    },
    "axios": {
      "version": "0.21.1",
      "resolved": "https://registry.npmjs.org/axios/-/axios-0.21.1.tgz",
      "integrity": "sha512-dKQiRHxGD9PPRIUNIWvZhPTPpl1rf/OxTYKsqKUDjBwYylTvV7SjSHJb9ratfyzM6wCdLCOYLzs73qpg5c4iGA==",
      "requires": {
        "follow-redirects": "^1.10.0"
      },
      "dependencies": {
        "follow-redirects": {
          "version": "1.13.1",
          "resolved": "https://registry.npmjs.org/follow-redirects/-/follow-redirects-1.13.1.tgz",
          "integrity": "sha512-SSG5xmZh1mkPGyKzjZP8zLjltIfpW32Y5QpdNJyjcfGxK3qo3NDDkZOZSFiGn1A6SclQxY9GzEwAHQ3dmYRWpg=="
        }
      }
    },
    "babel-eslint": {
      "version": "10.0.2",
      "resolved": "https://registry.npmjs.org/babel-eslint/-/babel-eslint-10.0.2.tgz",
      "integrity": "sha512-UdsurWPtgiPgpJ06ryUnuaSXC2s0WoSZnQmEpbAH65XZSdwowgN5MvyP7e88nW07FYXv72erVtpBkxyDVKhH1Q==",
      "dev": true,
      "dependencies": {
        "eslint-scope": {
          "version": "3.7.1",
          "resolved": "https://registry.npmjs.org/eslint-scope/-/eslint-scope-3.7.1.tgz",
          "integrity": "sha1-PWPD7f2gLgbgGkUq2IyqzHzctug="
        }
      }
    },
    "eslint": {
      "version": "5.16.0",
      "resolved": "https://registry.npmjs.org/eslint/-/eslint-5.16.0.tgz",
      "integrity": "sha512-S3Rz11i7c8AA5JPv7xAH+dOyq/Cu/VXHiHXBPOU1k/JAM5dXqQPt3qcrhpHSorXmrpu2g0gkIBVXAqCpzfoZIg==",
      "dev": true,
      "dependencies": {
        "ansi-regex": {
          "version": "3.0.0",
          "resolved": "https://registry.npmjs.org/ansi-regex/-/ansi-regex-3.0.0.tgz",
          "integrity": "sha1-7QMXwyIGT3lGbAKWa922Bas32Zg="
        },
        "debug": {
          "version": "4.1.1",
          "resolved": "https://registry.npmjs.org/debug/-/debug-4.1.1.tgz",
          "integrity": "sha512-pYAIzeRo8J6KPEaJ0VWOh5Pzkbw/RetuzehGM7QRRX5he4fPHx2rdKMB256ehJCkX+XRQm16eZLqLNS8RSZXZw=="
        },
        "doctrine": {
          "version": "3.0.0",
          "resolved": "https://registry.npmjs.org/doctrine/-/doctrine-3.0.0.tgz",
          "integrity": "sha512-yS+Q5i3hBf7GBkd4KG8a7eBNNWNGLTaEwwYWUijIYM7zrlYDM0BFXHjjPWlWZ1Rg7UaddZeIDmi9jF3HmqiQ2w=="
        },
        "ignore": {
          "version": "4.0.6",
          "resolved": "https://registry.npmjs.org/ignore/-/ignore-4.0.6.tgz",
          "integrity": "sha512-cyFDKrqc/YdcWFniJhzI42+AzS+gNwmUzOSFcRCQYwySuBBBy/KjuxWLZ/FHEH6Moq1NizMOBWyTcv8O4OZIMg=="
        },
        "import-fresh": {
          "version": "3.1.0",
          "resolved": "https://registry.npmjs.org/import-fresh/-/import-fresh-3.1.0.tgz",
          "integrity": "sha512-PpuksHKGt8rXfWEr9m9EHIpgyyaltBy8+eF6GJM0QCAxMgxCfucMF3mjecK2QsJr0amJW7gTqh5/wht0z2UhEQ=="
        },
        "ms": {
          "version": "2.1.2",
          "resolved": "https://registry.npmjs.org/ms/-/ms-2.1.2.tgz",
          "integrity": "sha512-sGkPx+VjMtmA6MX27oA4FBFELFCZZ4S4XqeGOXCv68tT+jb3vk/RyaKWP0PTKyWtmLSM0b+adUTEvbs1PEaH2w=="
        },
        "resolve-from": {
          "version": "4.0.0",
          "resolved": "https://registry.npmjs.org/resolve-from/-/resolve-from-4.0.0.tgz",
          "integrity": "sha512-pb/MYmXstAkysRFx8piNI1tGFNQIFA3vkE3Gq4EuA1dF6gHp/+vgZqsCGJapvy8N3Q+4o7FwvquPJcnZ7RYy4g=="
        },
        "semver": {
          "version": "5.7.0",
          "resolved": "https://registry.npmjs.org/semver/-/semver-5.7.0.tgz",
          "integrity": "sha512-Ya52jSX2u7QKghxeoFGpLwCtGlt7j0oY9DYb5apt9nPlJ42ID+ulTXESnt/qAQcoSERyZ5sl3LDIOw0nAn/5DA=="
        },
        "strip-ansi": {
          "version": "4.0.0",
          "resolved": "https://registry.npmjs.org/strip-ansi/-/strip-ansi-4.0.0.tgz",
          "integrity": "sha1-qEeQIusaw2iocTibY1JixQXuNo8="
        }
      }
    },
    "eslint-loader": {
      "version": "2.2.1",
      "resolved": "https://registry.npmjs.org/eslint-loader/-/eslint-loader-2.2.1.tgz",
      "integrity": "sha512-RLgV9hoCVsMLvOxCuNjdqOrUqIj9oJg8hF44vzJaYqsAHuY9G2YAeN3joQ9nxP0p5Th9iFSIpKo+SD8KISxXRg==",
      "dev": true
    },
    "eslint-plugin-vue": {
      "version": "5.2.3",
      "resolved": "https://registry.npmjs.org/eslint-plugin-vue/-/eslint-plugin-vue-5.2.3.tgz",
      "integrity": "sha512-mGwMqbbJf0+VvpGR5Lllq0PMxvTdrZ/ZPjmhkacrCHbubJeJOt+T6E3HUzAifa2Mxi7RSdJfC9HFpOeSYVMMIw==",
      "dev": true
    },
    "quasar": {
      "version": "1.0.5",
      "resolved": "https://registry.npmjs.org/quasar/-/quasar-1.0.5.tgz",
      "integrity": "sha512-8CxBZk5Ge+jUC7nzlzrLwlZRedpBkcYjkmyBOA0QJLvCXE8K8Ro68R7Vxf7+Baplo11aBMhFX1FhHZWrSM7Y2A=="
    },
    "vue-i18n": {
      "version": "8.12.0",
      "resolved": "https://registry.npmjs.org/vue-i18n/-/vue-i18n-8.12.0.tgz",
      "integrity": "sha512-Wh40dvkYZH0CntkhQQEed7nY8P/8xOOHy5Bl9W/WmmmW0oLYIL66XWwOqlcnNbLaL5HGN7XISydYVqXS0Sst9w=="
    },
    "vuelidate": {
      "version": "0.7.4",
      "resolved": "https://registry.npmjs.org/vuelidate/-/vuelidate-0.7.4.tgz",
      "integrity": "sha512-QHZWYOL325Zo+2K7VBNEJTZ496Kd8Z31p85aQJFldKudUUGBmgw4zu4ghl4CyqPwjRCmqZ9lDdx4FSdMnu4fGg=="
    }
  }
}
